
Microsoft Visual Studio Solution File, Format Version 12.00
# Visual Studio Version 17
VisualStudioVersion = 17.7.34031.279
MinimumVisualStudioVersion = 10.0.40219.1
Project("{FAE04EC0-301F-11D3-BF4B-00C04F79EFBC}") = "DrivingLicenseSystem", "DrivingLicenseSystem.csproj", "{7A377F97-CA4A-4145-8BFE-AE24D4E7AF0B}"
EndProject
Project("{FAE04EC0-301F-11D3-BF4B-00C04F79EFBC}") = "DLSDATA", "..\DLSDATA\DLSDATA.csproj", "{05201A66-0F4D-4F75-A560-987A3BD88C72}"
EndProject
Project("{FAE04EC0-301F-11D3-BF4B-00C04F79EFBC}") = "DLSBusinessLayer", "..\DLSBusinessLayer\DLSBusinessLayer.csproj", "{BD54D6AD-B82E-4449-B0C3-9AB00D7B552A}"
EndProject
Project("{2150E333-8FDC-42A3-9474-1A3956D46DE8}") = "Solution Items", "Solution Items", "{76CEBE4F-8797-47E3-89B8-327019901071}"
	ProjectSection(SolutionItems) = preProject
		TextFile1.txt = TextFile1.txt
	EndProjectSection
EndProject
Global
	GlobalSection(SolutionConfigurationPlatforms) = preSolution
		Debug|Any CPU = Debug|Any CPU
		Release|Any CPU = Release|Any CPU
	EndGlobalSection
	GlobalSection(ProjectConfigurationPlatforms) = postSolution
		{7A377F97-CA4A-4145-8BFE-AE24D4E7AF0B}.Debug|Any CPU.ActiveCfg = Debug|Any CPU
		{7A377F97-CA4A-4145-8BFE-AE24D4E7AF0B}.Debug|Any CPU.Build.0 = Debug|Any CPU
		{7A377F97-CA4A-4145-8BFE-AE24D4E7AF0B}.Release|Any CPU.ActiveCfg = Release|Any CPU
		{7A377F97-CA4A-4145-8BFE-AE24D4E7AF0B}.Release|Any CPU.Build.0 = Release|Any CPU
		{05201A66-0F4D-4F75-A560-987A3BD88C72}.Debug|Any CPU.ActiveCfg = Debug|Any CPU
		{05201A66-0F4D-4F75-A560-987A3BD88C72}.Debug|Any CPU.Build.0 = Debug|Any CPU
		{05201A66-0F4D-4F75-A560-987A3BD88C72}.Release|Any CPU.ActiveCfg = Release|Any CPU
		{05201A66-0F4D-4F75-A560-987A3BD88C72}.Release|Any CPU.Build.0 = Release|Any CPU
		{BD54D6AD-B82E-4449-B0C3-9AB00D7B552A}.Debug|Any CPU.ActiveCfg = Debug|Any CPU
		{BD54D6AD-B82E-4449-B0C3-9AB00D7B552A}.Debug|Any CPU.Build.0 = Debug|Any CPU
		{BD54D6AD-B82E-4449-B0C3-9AB00D7B552A}.Release|Any CPU.ActiveCfg = Release|Any CPU
		{BD54D6AD-B82E-4449-B0C3-9AB00D7B552A}.Release|Any CPU.Build.0 = Release|Any CPU
	EndGlobalSection
	GlobalSection(SolutionProperties) = preSolution
		HideSolutionNode = FALSE
	EndGlobalSection
	GlobalSection(ExtensibilityGlobals) = postSolution
		SolutionGuid = {1FF04CD8-A27A-4821-9B0B-6254A0419496}
	EndGlobalSection
EndGlobal
